
Microsoft Visual Studio Solution File, Format Version 12.00
# Visual Studio Version 17
VisualStudioVersion = 17.5.002.0
MinimumVisualStudioVersion = 10.0.40219.1
Project("{9A19103F-16F7-4668-BE54-9A1E7A4F7556}") = "ShowPass", "ShowPass.csproj", "{3127E4F4-4047-44A8-ADD7-B574A0F46395}"
EndProject
Global
	GlobalSection(SolutionConfigurationPlatforms) = preSolution
		Debug|Any CPU = Debug|Any CPU
		Release|Any CPU = Release|Any CPU
	EndGlobalSection
	GlobalSection(ProjectConfigurationPlatforms) = postSolution
		{3127E4F4-4047-44A8-ADD7-B574A0F46395}.Debug|Any CPU.ActiveCfg = Debug|Any CPU
		{3127E4F4-4047-44A8-ADD7-B574A0F46395}.Debug|Any CPU.Build.0 = Debug|Any CPU
		{3127E4F4-4047-44A8-ADD7-B574A0F46395}.Release|Any CPU.ActiveCfg = Release|Any CPU
		{3127E4F4-4047-44A8-ADD7-B574A0F46395}.Release|Any CPU.Build.0 = Release|Any CPU
	EndGlobalSection
	GlobalSection(SolutionProperties) = preSolution
		HideSolutionNode = FALSE
	EndGlobalSection
	GlobalSection(ExtensibilityGlobals) = postSolution
		SolutionGuid = {7CE057F0-2C26-4B97-8016-87AA3D0CF051}
	EndGlobalSection
EndGlobal
